
Microsoft Visual Studio Solution File, Format Version 12.00
# Visual Studio 2017
Project("{FAE04EC0-301F-11D3-BF4B-00C04F79EFBC}") = "tryagain", "tryagain.csproj", "{66915807-5E6D-38A5-EDC6-EB3CBE3776B0}"
EndProject
Global
	GlobalSection(SolutionConfigurationPlatforms) = preSolution
		Debug|Any CPU = Debug|Any CPU
		Release|Any CPU = Release|Any CPU
	EndGlobalSection
	GlobalSection(ProjectConfigurationPlatforms) = postSolution
		{66915807-5E6D-38A5-EDC6-EB3CBE3776B0}.Debug|Any CPU.ActiveCfg = Debug|Any CPU
		{66915807-5E6D-38A5-EDC6-EB3CBE3776B0}.Debug|Any CPU.Build.0 = Debug|Any CPU
		{66915807-5E6D-38A5-EDC6-EB3CBE3776B0}.Release|Any CPU.ActiveCfg = Release|Any CPU
		{66915807-5E6D-38A5-EDC6-EB3CBE3776B0}.Release|Any CPU.Build.0 = Release|Any CPU
	EndGlobalSection
	GlobalSection(SolutionProperties) = preSolution
		HideSolutionNode = FALSE
	EndGlobalSection
EndGlobal
